# This file was autogenerated by uv via the following command:
#    uv pip compile -o /rds/homes/g/gaddcz/Projects/CPRD/requirements.lock /rds/homes/g/gaddcz/Projects/CPRD/requirements.txt
accumulation-tree==0.6.4
    # via tdigest
aiohappyeyeballs==2.6.1
    # via aiohttp
aiohttp==3.13.2
    # via fsspec
aiosignal==1.4.0
    # via aiohttp
antlr4-python3-runtime==4.9.3
    # via
    #   hydra-core
    #   omegaconf
async-timeout==5.0.1
    # via aiohttp
attrs==25.4.0
    # via aiohttp
brotli==1.1.0
    # via py7zr
certifi==2025.10.5
    # via
    #   requests
    #   sentry-sdk
charset-normalizer==3.4.4
    # via requests
click==8.3.0
    # via wandb
cmake==4.1.2
    # via triton
cycler==0.12.1
    # via matplotlib
docker-pycreds==0.4.0
    # via wandb
feather-format==0.4.1
    # via pycox
filelock==3.20.0
    # via
    #   huggingface-hub
    #   torch
    #   transformers
    #   triton
fonttools==4.60.1
    # via matplotlib
frozenlist==1.8.0
    # via
    #   aiohttp
    #   aiosignal
fsspec==2025.9.0
    # via
    #   huggingface-hub
    #   pytorch-lightning
gitdb==4.0.12
    # via gitpython
gitpython==3.1.45
    # via wandb
h5py==3.15.1
    # via pycox
hf-xet==1.2.0
    # via huggingface-hub
huggingface-hub==0.36.0
    # via transformers
hydra-core==1.3.2
    # via -r /rds/homes/g/gaddcz/Projects/CPRD/requirements.txt
idna==3.11
    # via
    #   requests
    #   yarl
inflate64==1.0.3
    # via py7zr
jinja2==3.1.6
    # via torch
joblib==1.5.2
    # via
    #   pynndescent
    #   scikit-learn
kiwisolver==1.4.9
    # via matplotlib
lightning-utilities==0.15.2
    # via
    #   pytorch-lightning
    #   torchmetrics
lit==18.1.8
    # via triton
llvmlite==0.45.1
    # via
    #   numba
    #   pynndescent
markupsafe==3.0.3
    # via jinja2
matplotlib==3.5.3
    # via
    #   -r /rds/homes/g/gaddcz/Projects/CPRD/requirements.txt
    #   seaborn
    #   torchtuples
mpmath==1.3.0
    # via sympy
multidict==6.7.0
    # via
    #   aiohttp
    #   yarl
multivolumefile==0.2.3
    # via py7zr
networkx==3.4.2
    # via torch
numba==0.62.1
    # via
    #   -r /rds/homes/g/gaddcz/Projects/CPRD/requirements.txt
    #   pycox
    #   pynndescent
    #   umap-learn
numpy==1.22.3
    # via
    #   -r /rds/homes/g/gaddcz/Projects/CPRD/requirements.txt
    #   h5py
    #   matplotlib
    #   numba
    #   pandas
    #   pyarrow
    #   pytorch-lightning
    #   scikit-learn
    #   scipy
    #   seaborn
    #   sklearn-pandas
    #   torchmetrics
    #   torchtuples
    #   transformers
    #   umap-learn
nvidia-cublas-cu11==11.10.3.66
    # via
    #   nvidia-cudnn-cu11
    #   nvidia-cusolver-cu11
    #   torch
nvidia-cuda-cupti-cu11==11.7.101
    # via torch
nvidia-cuda-nvrtc-cu11==11.7.99
    # via torch
nvidia-cuda-runtime-cu11==11.7.99
    # via torch
nvidia-cudnn-cu11==8.5.0.96
    # via torch
nvidia-cufft-cu11==10.9.0.58
    # via torch
nvidia-curand-cu11==10.2.10.91
    # via torch
nvidia-cusolver-cu11==11.4.0.1
    # via torch
nvidia-cusparse-cu11==11.7.4.91
    # via torch
nvidia-nccl-cu11==2.14.3
    # via torch
nvidia-nvtx-cu11==11.7.91
    # via torch
omegaconf==2.3.0
    # via hydra-core
packaging==25.0
    # via
    #   huggingface-hub
    #   hydra-core
    #   lightning-utilities
    #   matplotlib
    #   pytorch-lightning
    #   torchmetrics
    #   transformers
pandas==2.0.3
    # via
    #   -r /rds/homes/g/gaddcz/Projects/CPRD/requirements.txt
    #   seaborn
    #   sklearn-pandas
    #   torchtuples
pathtools==0.1.2
    # via wandb
pillow==10.4.0
    # via matplotlib
polars==0.17.12
    # via -r /rds/homes/g/gaddcz/Projects/CPRD/requirements.txt
promise==2.3
    # via wandb
propcache==0.4.1
    # via
    #   aiohttp
    #   yarl
protobuf==4.25.8
    # via wandb
psutil==7.1.2
    # via
    #   py7zr
    #   wandb
py7zr==1.0.0
    # via pycox
pyarrow==8.0.0
    # via
    #   -r /rds/homes/g/gaddcz/Projects/CPRD/requirements.txt
    #   feather-format
pybcj==1.0.6
    # via py7zr
pycox==0.3.0
    # via -r /rds/homes/g/gaddcz/Projects/CPRD/requirements.txt
pycryptodomex==3.23.0
    # via py7zr
pynndescent==0.5.13
    # via umap-learn
pyparsing==3.2.5
    # via matplotlib
pyppmd==1.2.0
    # via py7zr
python-dateutil==2.9.0.post0
    # via
    #   matplotlib
    #   pandas
pytorch-lightning==2.1.0
    # via -r /rds/homes/g/gaddcz/Projects/CPRD/requirements.txt
pytz==2025.2
    # via pandas
pyudorandom==1.0.0
    # via tdigest
pyyaml==6.0.3
    # via
    #   huggingface-hub
    #   omegaconf
    #   pytorch-lightning
    #   transformers
    #   wandb
pyzstd==0.18.0
    # via py7zr
regex==2025.10.23
    # via transformers
requests==2.32.5
    # via
    #   huggingface-hub
    #   pycox
    #   transformers
    #   wandb
scikit-learn==1.7.2
    # via
    #   -r /rds/homes/g/gaddcz/Projects/CPRD/requirements.txt
    #   pycox
    #   pynndescent
    #   sklearn-pandas
    #   umap-learn
scipy==1.11.4
    # via
    #   pynndescent
    #   scikit-learn
    #   sklearn-pandas
    #   umap-learn
seaborn==0.12.1
    # via -r /rds/homes/g/gaddcz/Projects/CPRD/requirements.txt
sentry-sdk==2.43.0
    # via wandb
setproctitle==1.3.7
    # via wandb
setuptools==80.9.0
    # via
    #   lightning-utilities
    #   nvidia-cublas-cu11
    #   nvidia-cuda-cupti-cu11
    #   nvidia-cuda-runtime-cu11
    #   nvidia-curand-cu11
    #   nvidia-cusparse-cu11
    #   nvidia-nvtx-cu11
    #   wandb
shortuuid==1.0.13
    # via wandb
six==1.17.0
    # via
    #   docker-pycreds
    #   promise
    #   python-dateutil
sklearn-pandas==2.2.0
    # via -r /rds/homes/g/gaddcz/Projects/CPRD/requirements.txt
smmap==5.0.2
    # via gitdb
sympy==1.14.0
    # via torch
tdigest==0.5.2.2
    # via -r /rds/homes/g/gaddcz/Projects/CPRD/requirements.txt
texttable==1.7.0
    # via py7zr
threadpoolctl==3.6.0
    # via scikit-learn
tokenizers==0.13.3
    # via transformers
torch==2.0.1
    # via
    #   -r /rds/homes/g/gaddcz/Projects/CPRD/requirements.txt
    #   pytorch-lightning
    #   torchmetrics
    #   triton
torchmetrics==1.8.2
    # via pytorch-lightning
torchtuples==0.2.2
    # via pycox
tqdm==4.67.1
    # via
    #   huggingface-hub
    #   pytorch-lightning
    #   transformers
    #   umap-learn
transformers==4.24.0
    # via -r /rds/homes/g/gaddcz/Projects/CPRD/requirements.txt
triton==2.0.0
    # via torch
typing-extensions==4.15.0
    # via
    #   aiosignal
    #   huggingface-hub
    #   lightning-utilities
    #   multidict
    #   pytorch-lightning
    #   pyzstd
    #   torch
tzdata==2025.2
    # via pandas
umap-learn==0.5.3
    # via -r /rds/homes/g/gaddcz/Projects/CPRD/requirements.txt
urllib3==2.5.0
    # via
    #   requests
    #   sentry-sdk
wandb==0.13.6
    # via -r /rds/homes/g/gaddcz/Projects/CPRD/requirements.txt
wheel==0.45.1
    # via
    #   nvidia-cublas-cu11
    #   nvidia-cuda-cupti-cu11
    #   nvidia-cuda-runtime-cu11
    #   nvidia-curand-cu11
    #   nvidia-cusparse-cu11
    #   nvidia-nvtx-cu11
yarl==1.22.0
    # via aiohttp
